
Microsoft Visual Studio Solution File, Format Version 12.00
# Visual Studio Version 16
VisualStudioVersion = 16.0.30128.74
MinimumVisualStudioVersion = 10.0.40219.1
Project("{FAE04EC0-301F-11D3-BF4B-00C04F79EFBC}") = "Hangman", "Hangman\Hangman.csproj", "{2B8358A7-F87D-4617-B7DA-0680836E6929}"
EndProject
Global
	GlobalSection(SolutionConfigurationPlatforms) = preSolution
		Debug|Any CPU = Debug|Any CPU
		Release|Any CPU = Release|Any CPU
	EndGlobalSection
	GlobalSection(ProjectConfigurationPlatforms) = postSolution
		{2B8358A7-F87D-4617-B7DA-0680836E6929}.Debug|Any CPU.ActiveCfg = Debug|Any CPU
		{2B8358A7-F87D-4617-B7DA-0680836E6929}.Debug|Any CPU.Build.0 = Debug|Any CPU
		{2B8358A7-F87D-4617-B7DA-0680836E6929}.Release|Any CPU.ActiveCfg = Release|Any CPU
		{2B8358A7-F87D-4617-B7DA-0680836E6929}.Release|Any CPU.Build.0 = Release|Any CPU
	EndGlobalSection
	GlobalSection(SolutionProperties) = preSolution
		HideSolutionNode = FALSE
	EndGlobalSection
	GlobalSection(ExtensibilityGlobals) = postSolution
		SolutionGuid = {812C9724-47F4-455B-A0AC-1C706A6D83A3}
	EndGlobalSection
EndGlobal
