
Microsoft Visual Studio Solution File, Format Version 12.00
# Visual Studio Version 16
VisualStudioVersion = 16.0.29709.97
MinimumVisualStudioVersion = 10.0.40219.1
Project("{FAE04EC0-301F-11D3-BF4B-00C04F79EFBC}") = "Pac-Man", "Pac-Man.csproj", "{1626FDFE-F1CD-4B30-AD55-0CCE82A03425}"
EndProject
Global
	GlobalSection(SolutionConfigurationPlatforms) = preSolution
		Debug|Any CPU = Debug|Any CPU
		Release|Any CPU = Release|Any CPU
	EndGlobalSection
	GlobalSection(ProjectConfigurationPlatforms) = postSolution
		{1626FDFE-F1CD-4B30-AD55-0CCE82A03425}.Debug|Any CPU.ActiveCfg = Debug|Any CPU
		{1626FDFE-F1CD-4B30-AD55-0CCE82A03425}.Debug|Any CPU.Build.0 = Debug|Any CPU
		{1626FDFE-F1CD-4B30-AD55-0CCE82A03425}.Release|Any CPU.ActiveCfg = Release|Any CPU
		{1626FDFE-F1CD-4B30-AD55-0CCE82A03425}.Release|Any CPU.Build.0 = Release|Any CPU
	EndGlobalSection
	GlobalSection(SolutionProperties) = preSolution
		HideSolutionNode = FALSE
	EndGlobalSection
	GlobalSection(ExtensibilityGlobals) = postSolution
		SolutionGuid = {9424664C-4C78-426E-9C36-FEDFE630E8E6}
	EndGlobalSection
EndGlobal
