
Microsoft Visual Studio Solution File, Format Version 12.00
# Visual Studio Version 16
VisualStudioVersion = 16.0.29709.97
MinimumVisualStudioVersion = 10.0.40219.1
Project("{FAE04EC0-301F-11D3-BF4B-00C04F79EFBC}") = "HitTheMolev2.0", "HitTheMolev2.0.csproj", "{280ACF76-5B68-4911-A931-F60E20705DEE}"
EndProject
Global
	GlobalSection(SolutionConfigurationPlatforms) = preSolution
		Debug|Any CPU = Debug|Any CPU
		Release|Any CPU = Release|Any CPU
	EndGlobalSection
	GlobalSection(ProjectConfigurationPlatforms) = postSolution
		{280ACF76-5B68-4911-A931-F60E20705DEE}.Debug|Any CPU.ActiveCfg = Debug|Any CPU
		{280ACF76-5B68-4911-A931-F60E20705DEE}.Debug|Any CPU.Build.0 = Debug|Any CPU
		{280ACF76-5B68-4911-A931-F60E20705DEE}.Release|Any CPU.ActiveCfg = Release|Any CPU
		{280ACF76-5B68-4911-A931-F60E20705DEE}.Release|Any CPU.Build.0 = Release|Any CPU
	EndGlobalSection
	GlobalSection(SolutionProperties) = preSolution
		HideSolutionNode = FALSE
	EndGlobalSection
	GlobalSection(ExtensibilityGlobals) = postSolution
		SolutionGuid = {EAEA1A97-2364-4CAA-8F0C-6D36470EE827}
	EndGlobalSection
EndGlobal
